// !$*UTF8*$!
{
	archiveVersion = 1;
	classes = {
	};
	objectVersion = 46;
	objects = {

/* Begin PBXBuildFile section */
		45103D271F33CF2B00F38EA6 /* ProductDetailView.swift in Sources */ = {isa = PBXBuildFile; fileRef = 45103D261F33CF2B00F38EA6 /* ProductDetailView.swift */; };
		45103D291F33CF9A00F38EA6 /* ProductDetailPresenter.swift in Sources */ = {isa = PBXBuildFile; fileRef = 45103D281F33CF9A00F38EA6 /* ProductDetailPresenter.swift */; };
		45103D2B1F33CFEB00F38EA6 /* ProductDetailViewSpy.swift in Sources */ = {isa = PBXBuildFile; fileRef = 45103D2A1F33CFEB00F38EA6 /* ProductDetailViewSpy.swift */; };
		455F9C7F1F30E24A0089A988 /* ProductDetailViewController.swift in Sources */ = {isa = PBXBuildFile; fileRef = 455F9C7E1F30E24A0089A988 /* ProductDetailViewController.swift */; };
		455F9C811F30EF8E0089A988 /* ProductDetailPresenterTests.swift in Sources */ = {isa = PBXBuildFile; fileRef = 455F9C801F30EF8E0089A988 /* ProductDetailPresenterTests.swift */; };
		4569CEA81F2D1B010087792B /* AppDelegate.swift in Sources */ = {isa = PBXBuildFile; fileRef = 4569CEA01F2D1A190087792B /* AppDelegate.swift */; };
		4569CEA91F2D1B010087792B /* Product.swift in Sources */ = {isa = PBXBuildFile; fileRef = 4569CE9D1F2D1A0F0087792B /* Product.swift */; };
		4569CEAA1F2D1B010087792B /* ProductsRepository.swift in Sources */ = {isa = PBXBuildFile; fileRef = 4569CE9E1F2D1A0F0087792B /* ProductsRepository.swift */; };
		4569CEAB1F2D1B010087792B /* Repository.swift in Sources */ = {isa = PBXBuildFile; fileRef = 4569CE9F1F2D1A0F0087792B /* Repository.swift */; };
		4569CEAC1F2D1B010087792B /* ProductsPresenter.swift in Sources */ = {isa = PBXBuildFile; fileRef = 4569CE9B1F2D1A0F0087792B /* ProductsPresenter.swift */; };
		4569CEAD1F2D1B010087792B /* ProductsView.swift in Sources */ = {isa = PBXBuildFile; fileRef = 4569CE981F2D1A0F0087792B /* ProductsView.swift */; };
		4569CEAE1F2D1B010087792B /* ProductsViewController.swift in Sources */ = {isa = PBXBuildFile; fileRef = 4569CE991F2D1A0F0087792B /* ProductsViewController.swift */; };
		458B74DB1F2E897800297670 /* ProductsRepositoryTests.swift in Sources */ = {isa = PBXBuildFile; fileRef = 458B74DA1F2E897800297670 /* ProductsRepositoryTests.swift */; };
		458B74DD1F2E903400297670 /* ProductsViewSpy.swift in Sources */ = {isa = PBXBuildFile; fileRef = 458B74DC1F2E903400297670 /* ProductsViewSpy.swift */; };
		458B74DF1F2E90C000297670 /* ProductsRepositoryWithProductsSpy.swift in Sources */ = {isa = PBXBuildFile; fileRef = 458B74DE1F2E90C000297670 /* ProductsRepositoryWithProductsSpy.swift */; };
		458B74E11F2E910200297670 /* ProductsRepositoryWithoutProductsSpy.swift in Sources */ = {isa = PBXBuildFile; fileRef = 458B74E01F2E910200297670 /* ProductsRepositoryWithoutProductsSpy.swift */; };
		45927F721F2CF3AC0055AEE2 /* Main.storyboard in Resources */ = {isa = PBXBuildFile; fileRef = 45927F701F2CF3AC0055AEE2 /* Main.storyboard */; };
		45927F741F2CF3AC0055AEE2 /* Assets.xcassets in Resources */ = {isa = PBXBuildFile; fileRef = 45927F731F2CF3AC0055AEE2 /* Assets.xcassets */; };
		45927F771F2CF3AC0055AEE2 /* LaunchScreen.storyboard in Resources */ = {isa = PBXBuildFile; fileRef = 45927F751F2CF3AC0055AEE2 /* LaunchScreen.storyboard */; };
		45927F821F2CF3AC0055AEE2 /* ProductsPresenterTests.swift in Sources */ = {isa = PBXBuildFile; fileRef = 45927F811F2CF3AC0055AEE2 /* ProductsPresenterTests.swift */; };
/* End PBXBuildFile section */

/* Begin PBXContainerItemProxy section */
		45927F7E1F2CF3AC0055AEE2 /* PBXContainerItemProxy */ = {
			isa = PBXContainerItemProxy;
			containerPortal = 45927F611F2CF3AB0055AEE2 /* Project object */;
			proxyType = 1;
			remoteGlobalIDString = 45927F681F2CF3AB0055AEE2;
			remoteInfo = ProductMVP;
		};
/* End PBXContainerItemProxy section */

/* Begin PBXFileReference section */
		45103D261F33CF2B00F38EA6 /* ProductDetailView.swift */ = {isa = PBXFileReference; lastKnownFileType = sourcecode.swift; path = ProductDetailView.swift; sourceTree = "<group>"; };
		45103D281F33CF9A00F38EA6 /* ProductDetailPresenter.swift */ = {isa = PBXFileReference; lastKnownFileType = sourcecode.swift; path = ProductDetailPresenter.swift; sourceTree = "<group>"; };
		45103D2A1F33CFEB00F38EA6 /* ProductDetailViewSpy.swift */ = {isa = PBXFileReference; lastKnownFileType = sourcecode.swift; path = ProductDetailViewSpy.swift; sourceTree = "<group>"; };
		455F9C7E1F30E24A0089A988 /* ProductDetailViewController.swift */ = {isa = PBXFileReference; lastKnownFileType = sourcecode.swift; path = ProductDetailViewController.swift; sourceTree = "<group>"; };
		455F9C801F30EF8E0089A988 /* ProductDetailPresenterTests.swift */ = {isa = PBXFileReference; lastKnownFileType = sourcecode.swift; path = ProductDetailPresenterTests.swift; sourceTree = "<group>"; };
		4569CE981F2D1A0F0087792B /* ProductsView.swift */ = {isa = PBXFileReference; lastKnownFileType = sourcecode.swift; path = ProductsView.swift; sourceTree = "<group>"; };
		4569CE991F2D1A0F0087792B /* ProductsViewController.swift */ = {isa = PBXFileReference; lastKnownFileType = sourcecode.swift; path = ProductsViewController.swift; sourceTree = "<group>"; };
		4569CE9B1F2D1A0F0087792B /* ProductsPresenter.swift */ = {isa = PBXFileReference; lastKnownFileType = sourcecode.swift; path = ProductsPresenter.swift; sourceTree = "<group>"; };
		4569CE9D1F2D1A0F0087792B /* Product.swift */ = {isa = PBXFileReference; lastKnownFileType = sourcecode.swift; path = Product.swift; sourceTree = "<group>"; };
		4569CE9E1F2D1A0F0087792B /* ProductsRepository.swift */ = {isa = PBXFileReference; lastKnownFileType = sourcecode.swift; path = ProductsRepository.swift; sourceTree = "<group>"; };
		4569CE9F1F2D1A0F0087792B /* Repository.swift */ = {isa = PBXFileReference; lastKnownFileType = sourcecode.swift; path = Repository.swift; sourceTree = "<group>"; };
		4569CEA01F2D1A190087792B /* AppDelegate.swift */ = {isa = PBXFileReference; lastKnownFileType = sourcecode.swift; path = AppDelegate.swift; sourceTree = "<group>"; };
		458B74DA1F2E897800297670 /* ProductsRepositoryTests.swift */ = {isa = PBXFileReference; lastKnownFileType = sourcecode.swift; path = ProductsRepositoryTests.swift; sourceTree = "<group>"; };
		458B74DC1F2E903400297670 /* ProductsViewSpy.swift */ = {isa = PBXFileReference; lastKnownFileType = sourcecode.swift; path = ProductsViewSpy.swift; sourceTree = "<group>"; };
		458B74DE1F2E90C000297670 /* ProductsRepositoryWithProductsSpy.swift */ = {isa = PBXFileReference; lastKnownFileType = sourcecode.swift; path = ProductsRepositoryWithProductsSpy.swift; sourceTree = "<group>"; };
		458B74E01F2E910200297670 /* ProductsRepositoryWithoutProductsSpy.swift */ = {isa = PBXFileReference; lastKnownFileType = sourcecode.swift; path = ProductsRepositoryWithoutProductsSpy.swift; sourceTree = "<group>"; };
		45927F691F2CF3AB0055AEE2 /* ProductsMVP.app */ = {isa = PBXFileReference; explicitFileType = wrapper.application; includeInIndex = 0; path = ProductsMVP.app; sourceTree = BUILT_PRODUCTS_DIR; };
		45927F711F2CF3AC0055AEE2 /* Base */ = {isa = PBXFileReference; lastKnownFileType = file.storyboard; name = Base; path = Base.lproj/Main.storyboard; sourceTree = "<group>"; };
		45927F731F2CF3AC0055AEE2 /* Assets.xcassets */ = {isa = PBXFileReference; lastKnownFileType = folder.assetcatalog; path = Assets.xcassets; sourceTree = "<group>"; };
		45927F761F2CF3AC0055AEE2 /* Base */ = {isa = PBXFileReference; lastKnownFileType = file.storyboard; name = Base; path = Base.lproj/LaunchScreen.storyboard; sourceTree = "<group>"; };
		45927F781F2CF3AC0055AEE2 /* Info.plist */ = {isa = PBXFileReference; lastKnownFileType = text.plist.xml; path = Info.plist; sourceTree = "<group>"; };
		45927F7D1F2CF3AC0055AEE2 /* ProductsMVPTests.xctest */ = {isa = PBXFileReference; explicitFileType = wrapper.cfbundle; includeInIndex = 0; path = ProductsMVPTests.xctest; sourceTree = BUILT_PRODUCTS_DIR; };
		45927F811F2CF3AC0055AEE2 /* ProductsPresenterTests.swift */ = {isa = PBXFileReference; lastKnownFileType = sourcecode.swift; path = ProductsPresenterTests.swift; sourceTree = "<group>"; };
		45927F831F2CF3AC0055AEE2 /* Info.plist */ = {isa = PBXFileReference; lastKnownFileType = text.plist.xml; path = Info.plist; sourceTree = "<group>"; };
/* End PBXFileReference section */

/* Begin PBXFrameworksBuildPhase section */
		45927F661F2CF3AB0055AEE2 /* Frameworks */ = {
			isa = PBXFrameworksBuildPhase;
			buildActionMask = 2147483647;
			files = (
			);
			runOnlyForDeploymentPostprocessing = 0;
		};
		45927F7A1F2CF3AC0055AEE2 /* Frameworks */ = {
			isa = PBXFrameworksBuildPhase;
			buildActionMask = 2147483647;
			files = (
			);
			runOnlyForDeploymentPostprocessing = 0;
		};
/* End PBXFrameworksBuildPhase section */

/* Begin PBXGroup section */
		4569CE971F2D1A0F0087792B /* view */ = {
			isa = PBXGroup;
			children = (
				4569CE981F2D1A0F0087792B /* ProductsView.swift */,
				4569CE991F2D1A0F0087792B /* ProductsViewController.swift */,
				45103D261F33CF2B00F38EA6 /* ProductDetailView.swift */,
				455F9C7E1F30E24A0089A988 /* ProductDetailViewController.swift */,
			);
			path = view;
			sourceTree = "<group>";
		};
		4569CE9A1F2D1A0F0087792B /* presenter */ = {
			isa = PBXGroup;
			children = (
				4569CE9B1F2D1A0F0087792B /* ProductsPresenter.swift */,
				45103D281F33CF9A00F38EA6 /* ProductDetailPresenter.swift */,
			);
			path = presenter;
			sourceTree = "<group>";
		};
		4569CE9C1F2D1A0F0087792B /* model */ = {
			isa = PBXGroup;
			children = (
				4569CE9D1F2D1A0F0087792B /* Product.swift */,
				4569CE9E1F2D1A0F0087792B /* ProductsRepository.swift */,
				4569CE9F1F2D1A0F0087792B /* Repository.swift */,
			);
			path = model;
			sourceTree = "<group>";
		};
		45927F601F2CF3AB0055AEE2 = {
			isa = PBXGroup;
			children = (
				45927F6B1F2CF3AB0055AEE2 /* ProductsMVP */,
				45927F801F2CF3AC0055AEE2 /* ProductsMVPTests */,
				45927F6A1F2CF3AB0055AEE2 /* Products */,
			);
			sourceTree = "<group>";
		};
		45927F6A1F2CF3AB0055AEE2 /* Products */ = {
			isa = PBXGroup;
			children = (
				45927F691F2CF3AB0055AEE2 /* ProductsMVP.app */,
				45927F7D1F2CF3AC0055AEE2 /* ProductsMVPTests.xctest */,
			);
			name = Products;
			sourceTree = "<group>";
		};
		45927F6B1F2CF3AB0055AEE2 /* ProductsMVP */ = {
			isa = PBXGroup;
			children = (
				4569CEA01F2D1A190087792B /* AppDelegate.swift */,
				4569CE9C1F2D1A0F0087792B /* model */,
				4569CE9A1F2D1A0F0087792B /* presenter */,
				4569CE971F2D1A0F0087792B /* view */,
				45927F701F2CF3AC0055AEE2 /* Main.storyboard */,
				45927F731F2CF3AC0055AEE2 /* Assets.xcassets */,
				45927F751F2CF3AC0055AEE2 /* LaunchScreen.storyboard */,
				45927F781F2CF3AC0055AEE2 /* Info.plist */,
			);
			path = ProductsMVP;
			sourceTree = "<group>";
		};
		45927F801F2CF3AC0055AEE2 /* ProductsMVPTests */ = {
			isa = PBXGroup;
			children = (
				45927F811F2CF3AC0055AEE2 /* ProductsPresenterTests.swift */,
				455F9C801F30EF8E0089A988 /* ProductDetailPresenterTests.swift */,
				458B74DA1F2E897800297670 /* ProductsRepositoryTests.swift */,
				458B74DC1F2E903400297670 /* ProductsViewSpy.swift */,
				45103D2A1F33CFEB00F38EA6 /* ProductDetailViewSpy.swift */,
				458B74DE1F2E90C000297670 /* ProductsRepositoryWithProductsSpy.swift */,
				458B74E01F2E910200297670 /* ProductsRepositoryWithoutProductsSpy.swift */,
				45927F831F2CF3AC0055AEE2 /* Info.plist */,
			);
			path = ProductsMVPTests;
			sourceTree = "<group>";
		};
/* End PBXGroup section */

/* Begin PBXNativeTarget section */
		45927F681F2CF3AB0055AEE2 /* ProductsMVP */ = {
			isa = PBXNativeTarget;
			buildConfigurationList = 45927F861F2CF3AC0055AEE2 /* Build configuration list for PBXNativeTarget "ProductsMVP" */;
			buildPhases = (
				45927F651F2CF3AB0055AEE2 /* Sources */,
				45927F661F2CF3AB0055AEE2 /* Frameworks */,
				45927F671F2CF3AB0055AEE2 /* Resources */,
			);
			buildRules = (
			);
			dependencies = (
			);
			name = ProductsMVP;
			productName = ProductMVP;
			productReference = 45927F691F2CF3AB0055AEE2 /* ProductsMVP.app */;
			productType = "com.apple.product-type.application";
		};
		45927F7C1F2CF3AC0055AEE2 /* ProductsMVPTests */ = {
			isa = PBXNativeTarget;
			buildConfigurationList = 45927F891F2CF3AC0055AEE2 /* Build configuration list for PBXNativeTarget "ProductsMVPTests" */;
			buildPhases = (
				45927F791F2CF3AC0055AEE2 /* Sources */,
				45927F7A1F2CF3AC0055AEE2 /* Frameworks */,
				45927F7B1F2CF3AC0055AEE2 /* Resources */,
			);
			buildRules = (
			);
			dependencies = (
				45927F7F1F2CF3AC0055AEE2 /* PBXTargetDependency */,
			);
			name = ProductsMVPTests;
			productName = ProductMVPTests;
			productReference = 45927F7D1F2CF3AC0055AEE2 /* ProductsMVPTests.xctest */;
			productType = "com.apple.product-type.bundle.unit-test";
		};
/* End PBXNativeTarget section */

/* Begin PBXProject section */
		45927F611F2CF3AB0055AEE2 /* Project object */ = {
			isa = PBXProject;
			attributes = {
				LastSwiftUpdateCheck = 0830;
				LastUpgradeCheck = 1010;
				ORGANIZATIONNAME = "Fabrizio Duroni";
				TargetAttributes = {
					45927F681F2CF3AB0055AEE2 = {
						CreatedOnToolsVersion = 8.3.3;
						LastSwiftMigration = 0900;
						ProvisioningStyle = Automatic;
					};
					45927F7C1F2CF3AC0055AEE2 = {
						CreatedOnToolsVersion = 8.3.3;
						LastSwiftMigration = 0900;
						ProvisioningStyle = Automatic;
						TestTargetID = 45927F681F2CF3AB0055AEE2;
					};
				};
			};
			buildConfigurationList = 45927F641F2CF3AB0055AEE2 /* Build configuration list for PBXProject "ProductsMVP" */;
			compatibilityVersion = "Xcode 3.2";
			developmentRegion = English;
			hasScannedForEncodings = 0;
			knownRegions = (
				en,
				Base,
			);
			mainGroup = 45927F601F2CF3AB0055AEE2;
			productRefGroup = 45927F6A1F2CF3AB0055AEE2 /* Products */;
			projectDirPath = "";
			projectRoot = "";
			targets = (
				45927F681F2CF3AB0055AEE2 /* ProductsMVP */,
				45927F7C1F2CF3AC0055AEE2 /* ProductsMVPTests */,
			);
		};
/* End PBXProject section */

/* Begin PBXResourcesBuildPhase section */
		45927F671F2CF3AB0055AEE2 /* Resources */ = {
			isa = PBXResourcesBuildPhase;
			buildActionMask = 2147483647;
			files = (
				45927F771F2CF3AC0055AEE2 /* LaunchScreen.storyboard in Resources */,
				45927F741F2CF3AC0055AEE2 /* Assets.xcassets in Resources */,
				45927F721F2CF3AC0055AEE2 /* Main.storyboard in Resources */,
			);
			runOnlyForDeploymentPostprocessing = 0;
		};
		45927F7B1F2CF3AC0055AEE2 /* Resources */ = {
			isa = PBXResourcesBuildPhase;
			buildActionMask = 2147483647;
			files = (
			);
			runOnlyForDeploymentPostprocessing = 0;
		};
/* End PBXResourcesBuildPhase section */

/* Begin PBXSourcesBuildPhase section */
		45927F651F2CF3AB0055AEE2 /* Sources */ = {
			isa = PBXSourcesBuildPhase;
			buildActionMask = 2147483647;
			files = (
				4569CEAA1F2D1B010087792B /* ProductsRepository.swift in Sources */,
				4569CEA81F2D1B010087792B /* AppDelegate.swift in Sources */,
				4569CEAE1F2D1B010087792B /* ProductsViewController.swift in Sources */,
				4569CEAD1F2D1B010087792B /* ProductsView.swift in Sources */,
				4569CEAC1F2D1B010087792B /* ProductsPresenter.swift in Sources */,
				45103D291F33CF9A00F38EA6 /* ProductDetailPresenter.swift in Sources */,
				455F9C7F1F30E24A0089A988 /* ProductDetailViewController.swift in Sources */,
				4569CEA91F2D1B010087792B /* Product.swift in Sources */,
				4569CEAB1F2D1B010087792B /* Repository.swift in Sources */,
				45103D271F33CF2B00F38EA6 /* ProductDetailView.swift in Sources */,
			);
			runOnlyForDeploymentPostprocessing = 0;
		};
		45927F791F2CF3AC0055AEE2 /* Sources */ = {
			isa = PBXSourcesBuildPhase;
			buildActionMask = 2147483647;
			files = (
				45927F821F2CF3AC0055AEE2 /* ProductsPresenterTests.swift in Sources */,
				455F9C811F30EF8E0089A988 /* ProductDetailPresenterTests.swift in Sources */,
				458B74DD1F2E903400297670 /* ProductsViewSpy.swift in Sources */,
				458B74E11F2E910200297670 /* ProductsRepositoryWithoutProductsSpy.swift in Sources */,
				45103D2B1F33CFEB00F38EA6 /* ProductDetailViewSpy.swift in Sources */,
				458B74DF1F2E90C000297670 /* ProductsRepositoryWithProductsSpy.swift in Sources */,
				458B74DB1F2E897800297670 /* ProductsRepositoryTests.swift in Sources */,
			);
			runOnlyForDeploymentPostprocessing = 0;
		};
/* End PBXSourcesBuildPhase section */

/* Begin PBXTargetDependency section */
		45927F7F1F2CF3AC0055AEE2 /* PBXTargetDependency */ = {
			isa = PBXTargetDependency;
			target = 45927F681F2CF3AB0055AEE2 /* ProductsMVP */;
			targetProxy = 45927F7E1F2CF3AC0055AEE2 /* PBXContainerItemProxy */;
		};
/* End PBXTargetDependency section */

/* Begin PBXVariantGroup section */
		45927F701F2CF3AC0055AEE2 /* Main.storyboard */ = {
			isa = PBXVariantGroup;
			children = (
				45927F711F2CF3AC0055AEE2 /* Base */,
			);
			name = Main.storyboard;
			sourceTree = "<group>";
		};
		45927F751F2CF3AC0055AEE2 /* LaunchScreen.storyboard */ = {
			isa = PBXVariantGroup;
			children = (
				45927F761F2CF3AC0055AEE2 /* Base */,
			);
			name = LaunchScreen.storyboard;
			sourceTree = "<group>";
		};
/* End PBXVariantGroup section */

/* Begin XCBuildConfiguration section */
		45927F841F2CF3AC0055AEE2 /* Debug */ = {
			isa = XCBuildConfiguration;
			buildSettings = {
				ALWAYS_SEARCH_USER_PATHS = NO;
				CLANG_ANALYZER_NONNULL = YES;
				CLANG_ANALYZER_NUMBER_OBJECT_CONVERSION = YES_AGGRESSIVE;
				CLANG_CXX_LANGUAGE_STANDARD = "gnu++0x";
				CLANG_CXX_LIBRARY = "libc++";
				CLANG_ENABLE_MODULES = YES;
				CLANG_ENABLE_OBJC_ARC = YES;
				CLANG_WARN_BLOCK_CAPTURE_AUTORELEASING = YES;
				CLANG_WARN_BOOL_CONVERSION = YES;
				CLANG_WARN_COMMA = YES;
				CLANG_WARN_CONSTANT_CONVERSION = YES;
				CLANG_WARN_DEPRECATED_OBJC_IMPLEMENTATIONS = YES;
				CLANG_WARN_DIRECT_OBJC_ISA_USAGE = YES_ERROR;
				CLANG_WARN_DOCUMENTATION_COMMENTS = YES;
				CLANG_WARN_EMPTY_BODY = YES;
				CLANG_WARN_ENUM_CONVERSION = YES;
				CLANG_WARN_INFINITE_RECURSION = YES;
				CLANG_WARN_INT_CONVERSION = YES;
				CLANG_WARN_NON_LITERAL_NULL_CONVERSION = YES;
				CLANG_WARN_OBJC_IMPLICIT_RETAIN_SELF = YES;
				CLANG_WARN_OBJC_LITERAL_CONVERSION = YES;
				CLANG_WARN_OBJC_ROOT_CLASS = YES_ERROR;
				CLANG_WARN_RANGE_LOOP_ANALYSIS = YES;
				CLANG_WARN_STRICT_PROTOTYPES = YES;
				CLANG_WARN_SUSPICIOUS_MOVE = YES;
				CLANG_WARN_UNREACHABLE_CODE = YES;
				CLANG_WARN__DUPLICATE_METHOD_MATCH = YES;
				"CODE_SIGN_IDENTITY[sdk=iphoneos*]" = "iPhone Developer";
				COPY_PHASE_STRIP = NO;
				DEBUG_INFORMATION_FORMAT = dwarf;
				ENABLE_STRICT_OBJC_MSGSEND = YES;
				ENABLE_TESTABILITY = YES;
				GCC_C_LANGUAGE_STANDARD = gnu99;
				GCC_DYNAMIC_NO_PIC = NO;
				GCC_NO_COMMON_BLOCKS = YES;
				GCC_OPTIMIZATION_LEVEL = 0;
				GCC_PREPROCESSOR_DEFINITIONS = (
					"DEBUG=1",
					"$(inherited)",
				);
				GCC_WARN_64_TO_32_BIT_CONVERSION = YES;
				GCC_WARN_ABOUT_RETURN_TYPE = YES_ERROR;
				GCC_WARN_UNDECLARED_SELECTOR = YES;
				GCC_WARN_UNINITIALIZED_AUTOS = YES_AGGRESSIVE;
				GCC_WARN_UNUSED_FUNCTION = YES;
				GCC_WARN_UNUSED_VARIABLE = YES;
				IPHONEOS_DEPLOYMENT_TARGET = 10.3;
				MTL_ENABLE_DEBUG_INFO = YES;
				ONLY_ACTIVE_ARCH = YES;
				SDKROOT = iphoneos;
				SWIFT_ACTIVE_COMPILATION_CONDITIONS = DEBUG;
				SWIFT_OPTIMIZATION_LEVEL = "-Onone";
				SWIFT_SWIFT3_OBJC_INFERENCE = Off;
			};
			name = Debug;
		};
		45927F851F2CF3AC0055AEE2 /* Release */ = {
			isa = XCBuildConfiguration;
			buildSettings = {
				ALWAYS_SEARCH_USER_PATHS = NO;
				CLANG_ANALYZER_NONNULL = YES;
				CLANG_ANALYZER_NUMBER_OBJECT_CONVERSION = YES_AGGRESSIVE;
				CLANG_CXX_LANGUAGE_STANDARD = "gnu++0x";
				CLANG_CXX_LIBRARY = "libc++";
				CLANG_ENABLE_MODULES = YES;
				CLANG_ENABLE_OBJC_ARC = YES;
				CLANG_WARN_BLOCK_CAPTURE_AUTORELEASING = YES;
				CLANG_WARN_BOOL_CONVERSION = YES;
				CLANG_WARN_COMMA = YES;
				CLANG_WARN_CONSTANT_CONVERSION = YES;
				CLANG_WARN_DEPRECATED_OBJC_IMPLEMENTATIONS = YES;
				CLANG_WARN_DIRECT_OBJC_ISA_USAGE = YES_ERROR;
				CLANG_WARN_DOCUMENTATION_COMMENTS = YES;
				CLANG_WARN_EMPTY_BODY = YES;
				CLANG_WARN_ENUM_CONVERSION = YES;
				CLANG_WARN_INFINITE_RECURSION = YES;
				CLANG_WARN_INT_CONVERSION = YES;
				CLANG_WARN_NON_LITERAL_NULL_CONVERSION = YES;
				CLANG_WARN_OBJC_IMPLICIT_RETAIN_SELF = YES;
				CLANG_WARN_OBJC_LITERAL_CONVERSION = YES;
				CLANG_WARN_OBJC_ROOT_CLASS = YES_ERROR;
				CLANG_WARN_RANGE_LOOP_ANALYSIS = YES;
				CLANG_WARN_STRICT_PROTOTYPES = YES;
				CLANG_WARN_SUSPICIOUS_MOVE = YES;
				CLANG_WARN_UNREACHABLE_CODE = YES;
				CLANG_WARN__DUPLICATE_METHOD_MATCH = YES;
				"CODE_SIGN_IDENTITY[sdk=iphoneos*]" = "iPhone Developer";
				COPY_PHASE_STRIP = NO;
				DEBUG_INFORMATION_FORMAT = "dwarf-with-dsym";
				ENABLE_NS_ASSERTIONS = NO;
				ENABLE_STRICT_OBJC_MSGSEND = YES;
				GCC_C_LANGUAGE_STANDARD = gnu99;
				GCC_NO_COMMON_BLOCKS = YES;
				GCC_WARN_64_TO_32_BIT_CONVERSION = YES;
				GCC_WARN_ABOUT_RETURN_TYPE = YES_ERROR;
				GCC_WARN_UNDECLARED_SELECTOR = YES;
				GCC_WARN_UNINITIALIZED_AUTOS = YES_AGGRESSIVE;
				GCC_WARN_UNUSED_FUNCTION = YES;
				GCC_WARN_UNUSED_VARIABLE = YES;
				IPHONEOS_DEPLOYMENT_TARGET = 10.3;
				MTL_ENABLE_DEBUG_INFO = NO;
				SDKROOT = iphoneos;
				SWIFT_OPTIMIZATION_LEVEL = "-Owholemodule";
				SWIFT_SWIFT3_OBJC_INFERENCE = Off;
				VALIDATE_PRODUCT = YES;
			};
			name = Release;
		};
		45927F871F2CF3AC0055AEE2 /* Debug */ = {
			isa = XCBuildConfiguration;
			buildSettings = {
				ASSETCATALOG_COMPILER_APPICON_NAME = AppIcon;
				CLANG_ENABLE_MODULES = YES;
				INFOPLIST_FILE = ProductsMVP/Info.plist;
				LD_RUNPATH_SEARCH_PATHS = "$(inherited) @executable_path/Frameworks";
				PRODUCT_BUNDLE_IDENTIFIER = it.chicio.ios.ProductsMVP;
				PRODUCT_NAME = "$(TARGET_NAME)";
				SWIFT_OPTIMIZATION_LEVEL = "-Onone";
				SWIFT_SWIFT3_OBJC_INFERENCE = Off;
				SWIFT_VERSION = 4.0;
			};
			name = Debug;
		};
		45927F881F2CF3AC0055AEE2 /* Release */ = {
			isa = XCBuildConfiguration;
			buildSettings = {
				ASSETCATALOG_COMPILER_APPICON_NAME = AppIcon;
				CLANG_ENABLE_MODULES = YES;
				INFOPLIST_FILE = ProductsMVP/Info.plist;
				LD_RUNPATH_SEARCH_PATHS = "$(inherited) @executable_path/Frameworks";
				PRODUCT_BUNDLE_IDENTIFIER = it.chicio.ios.ProductsMVP;
				PRODUCT_NAME = "$(TARGET_NAME)";
				SWIFT_SWIFT3_OBJC_INFERENCE = Off;
				SWIFT_VERSION = 4.0;
			};
			name = Release;
		};
		45927F8A1F2CF3AC0055AEE2 /* Debug */ = {
			isa = XCBuildConfiguration;
			buildSettings = {
				ALWAYS_EMBED_SWIFT_STANDARD_LIBRARIES = YES;
				BUNDLE_LOADER = "$(TEST_HOST)";
				INFOPLIST_FILE = ProductsMVPTests/Info.plist;
				LD_RUNPATH_SEARCH_PATHS = "$(inherited) @executable_path/Frameworks @loader_path/Frameworks";
				PRODUCT_BUNDLE_IDENTIFIER = it.chicio.ios.ProductsMVPTests;
				PRODUCT_NAME = "$(TARGET_NAME)";
				SWIFT_SWIFT3_OBJC_INFERENCE = Off;
				SWIFT_VERSION = 4.0;
				TEST_HOST = "$(BUILT_PRODUCTS_DIR)/ProductsMVP.app/ProductsMVP";
			};
			name = Debug;
		};
		45927F8B1F2CF3AC0055AEE2 /* Release */ = {
			isa = XCBuildConfiguration;
			buildSettings = {
				ALWAYS_EMBED_SWIFT_STANDARD_LIBRARIES = YES;
				BUNDLE_LOADER = "$(TEST_HOST)";
				INFOPLIST_FILE = ProductsMVPTests/Info.plist;
				LD_RUNPATH_SEARCH_PATHS = "$(inherited) @executable_path/Frameworks @loader_path/Frameworks";
				PRODUCT_BUNDLE_IDENTIFIER = it.chicio.ios.ProductsMVPTests;
				PRODUCT_NAME = "$(TARGET_NAME)";
				SWIFT_SWIFT3_OBJC_INFERENCE = Off;
				SWIFT_VERSION = 4.0;
				TEST_HOST = "$(BUILT_PRODUCTS_DIR)/ProductsMVP.app/ProductsMVP";
			};
			name = Release;
		};
/* End XCBuildConfiguration section */

/* Begin XCConfigurationList section */
		45927F641F2CF3AB0055AEE2 /* Build configuration list for PBXProject "ProductsMVP" */ = {
			isa = XCConfigurationList;
			buildConfigurations = (
				45927F841F2CF3AC0055AEE2 /* Debug */,
				45927F851F2CF3AC0055AEE2 /* Release */,
			);
			defaultConfigurationIsVisible = 0;
			defaultConfigurationName = Release;
		};
		45927F861F2CF3AC0055AEE2 /* Build configuration list for PBXNativeTarget "ProductsMVP" */ = {
			isa = XCConfigurationList;
			buildConfigurations = (
				45927F871F2CF3AC0055AEE2 /* Debug */,
				45927F881F2CF3AC0055AEE2 /* Release */,
			);
			defaultConfigurationIsVisible = 0;
			defaultConfigurationName = Release;
		};
		45927F891F2CF3AC0055AEE2 /* Build configuration list for PBXNativeTarget "ProductsMVPTests" */ = {
			isa = XCConfigurationList;
			buildConfigurations = (
				45927F8A1F2CF3AC0055AEE2 /* Debug */,
				45927F8B1F2CF3AC0055AEE2 /* Release */,
			);
			defaultConfigurationIsVisible = 0;
			defaultConfigurationName = Release;
		};
/* End XCConfigurationList section */
	};
	rootObject = 45927F611F2CF3AB0055AEE2 /* Project object */;
}
